
Microsoft Visual Studio Solution File, Format Version 12.00
# Visual Studio Version 17
VisualStudioVersion = 17.10.35027.167
MinimumVisualStudioVersion = 10.0.40219.1
Project("{9A19103F-16F7-4668-BE54-9A1E7A4F7556}") = "SailorAPI", "SailorAPI\SailorAPI.csproj", "{1697C982-C6EE-4E6A-9017-3C4CDCACE8AF}"
EndProject
Project("{9A19103F-16F7-4668-BE54-9A1E7A4F7556}") = "SailorApp.Domain", "SailorApp.Application.Domain\SailorApp.Domain.csproj", "{3CC47393-3265-4031-9372-6B8E9FCF3C88}"
EndProject
Project("{9A19103F-16F7-4668-BE54-9A1E7A4F7556}") = "SailorAPP", "SailorAPP\SailorAPP.csproj", "{3EBD6774-DEE1-43BB-8A03-8BAFF814CB99}"
EndProject
Project("{9A19103F-16F7-4668-BE54-9A1E7A4F7556}") = "Sailor.Application", "Sailor.Application\Sailor.Application.csproj", "{650CDE67-9AD7-4587-A856-2DDD4A387E38}"
EndProject
Project("{9A19103F-16F7-4668-BE54-9A1E7A4F7556}") = "Sailor.Infrastructure", "Sailor.Infrastructure\Sailor.Infrastructure.csproj", "{320CFA3D-5BF9-4D18-BD68-14DBD10ADD8E}"
EndProject
Project("{FAE04EC0-301F-11D3-BF4B-00C04F79EFBC}") = "Sailor.Repository", "Sailor.Repository\Sailor.Repository.csproj", "{D94A9BE3-F953-4441-90B6-D1489541E9E9}"
EndProject
Global
	GlobalSection(SolutionConfigurationPlatforms) = preSolution
		Debug|Any CPU = Debug|Any CPU
		Release|Any CPU = Release|Any CPU
	EndGlobalSection
	GlobalSection(ProjectConfigurationPlatforms) = postSolution
		{1697C982-C6EE-4E6A-9017-3C4CDCACE8AF}.Debug|Any CPU.ActiveCfg = Debug|Any CPU
		{1697C982-C6EE-4E6A-9017-3C4CDCACE8AF}.Debug|Any CPU.Build.0 = Debug|Any CPU
		{1697C982-C6EE-4E6A-9017-3C4CDCACE8AF}.Release|Any CPU.ActiveCfg = Release|Any CPU
		{1697C982-C6EE-4E6A-9017-3C4CDCACE8AF}.Release|Any CPU.Build.0 = Release|Any CPU
		{3CC47393-3265-4031-9372-6B8E9FCF3C88}.Debug|Any CPU.ActiveCfg = Debug|Any CPU
		{3CC47393-3265-4031-9372-6B8E9FCF3C88}.Debug|Any CPU.Build.0 = Debug|Any CPU
		{3CC47393-3265-4031-9372-6B8E9FCF3C88}.Release|Any CPU.ActiveCfg = Release|Any CPU
		{3CC47393-3265-4031-9372-6B8E9FCF3C88}.Release|Any CPU.Build.0 = Release|Any CPU
		{3EBD6774-DEE1-43BB-8A03-8BAFF814CB99}.Debug|Any CPU.ActiveCfg = Debug|Any CPU
		{3EBD6774-DEE1-43BB-8A03-8BAFF814CB99}.Debug|Any CPU.Build.0 = Debug|Any CPU
		{3EBD6774-DEE1-43BB-8A03-8BAFF814CB99}.Release|Any CPU.ActiveCfg = Release|Any CPU
		{3EBD6774-DEE1-43BB-8A03-8BAFF814CB99}.Release|Any CPU.Build.0 = Release|Any CPU
		{650CDE67-9AD7-4587-A856-2DDD4A387E38}.Debug|Any CPU.ActiveCfg = Debug|Any CPU
		{650CDE67-9AD7-4587-A856-2DDD4A387E38}.Debug|Any CPU.Build.0 = Debug|Any CPU
		{650CDE67-9AD7-4587-A856-2DDD4A387E38}.Release|Any CPU.ActiveCfg = Release|Any CPU
		{650CDE67-9AD7-4587-A856-2DDD4A387E38}.Release|Any CPU.Build.0 = Release|Any CPU
		{320CFA3D-5BF9-4D18-BD68-14DBD10ADD8E}.Debug|Any CPU.ActiveCfg = Debug|Any CPU
		{320CFA3D-5BF9-4D18-BD68-14DBD10ADD8E}.Debug|Any CPU.Build.0 = Debug|Any CPU
		{320CFA3D-5BF9-4D18-BD68-14DBD10ADD8E}.Release|Any CPU.ActiveCfg = Release|Any CPU
		{320CFA3D-5BF9-4D18-BD68-14DBD10ADD8E}.Release|Any CPU.Build.0 = Release|Any CPU
		{D94A9BE3-F953-4441-90B6-D1489541E9E9}.Debug|Any CPU.ActiveCfg = Debug|Any CPU
		{D94A9BE3-F953-4441-90B6-D1489541E9E9}.Debug|Any CPU.Build.0 = Debug|Any CPU
		{D94A9BE3-F953-4441-90B6-D1489541E9E9}.Release|Any CPU.ActiveCfg = Release|Any CPU
		{D94A9BE3-F953-4441-90B6-D1489541E9E9}.Release|Any CPU.Build.0 = Release|Any CPU
	EndGlobalSection
	GlobalSection(SolutionProperties) = preSolution
		HideSolutionNode = FALSE
	EndGlobalSection
	GlobalSection(ExtensibilityGlobals) = postSolution
		SolutionGuid = {1DA1E6D9-12B8-418E-8AAB-F5EFF2205531}
	EndGlobalSection
EndGlobal
